// !$*UTF8*$!
{
	archiveVersion = 1;
	classes = {
	};
	objectVersion = 46;
	objects = {

/* Begin PBXBuildFile section */
		431FBA56155694F70012103F /* NSString+GTM.m in Sources */ = {isa = PBXBuildFile; fileRef = 431FBA55155694F70012103F /* NSString+GTM.m */; };
		43F7F3821554F75D00879D86 /* Cocoa.framework in Frameworks */ = {isa = PBXBuildFile; fileRef = 43F7F3811554F75D00879D86 /* Cocoa.framework */; };
		43F7F38C1554F75D00879D86 /* InfoPlist.strings in Resources */ = {isa = PBXBuildFile; fileRef = 43F7F38A1554F75D00879D86 /* InfoPlist.strings */; };
		43F7F38E1554F75D00879D86 /* main.m in Sources */ = {isa = PBXBuildFile; fileRef = 43F7F38D1554F75D00879D86 /* main.m */; };
		43F7F3921554F75D00879D86 /* Credits.rtf in Resources */ = {isa = PBXBuildFile; fileRef = 43F7F3901554F75D00879D86 /* Credits.rtf */; };
		43F7F3951554F75D00879D86 /* DHAppDelegate.m in Sources */ = {isa = PBXBuildFile; fileRef = 43F7F3941554F75D00879D86 /* DHAppDelegate.m */; };
		43F7F3981554F75D00879D86 /* MainMenu.xib in Resources */ = {isa = PBXBuildFile; fileRef = 43F7F3961554F75D00879D86 /* MainMenu.xib */; };
		43F7F3A01554F77000879D86 /* DHWebView.m in Sources */ = {isa = PBXBuildFile; fileRef = 43F7F39F1554F77000879D86 /* DHWebView.m */; };
		43F7F3A21554F77E00879D86 /* WebKit.framework in Frameworks */ = {isa = PBXBuildFile; fileRef = 43F7F3A11554F77E00879D86 /* WebKit.framework */; };
		43F7F3B0155508BB00879D86 /* DHSearchQuery.m in Sources */ = {isa = PBXBuildFile; fileRef = 43F7F3AF155508BB00879D86 /* DHSearchQuery.m */; };
		43F7F3BA155566D700879D86 /* DHMatchedText.m in Sources */ = {isa = PBXBuildFile; fileRef = 43F7F3B9155566D700879D86 /* DHMatchedText.m */; };
/* End PBXBuildFile section */

/* Begin PBXFileReference section */
		431FBA54155694F70012103F /* NSString+GTM.h */ = {isa = PBXFileReference; fileEncoding = 4; lastKnownFileType = sourcecode.c.h; path = "NSString+GTM.h"; sourceTree = "<group>"; };
		431FBA55155694F70012103F /* NSString+GTM.m */ = {isa = PBXFileReference; fileEncoding = 4; lastKnownFileType = sourcecode.c.objc; path = "NSString+GTM.m"; sourceTree = "<group>"; };
		43F7F37D1554F75D00879D86 /* HighlightedWebView.app */ = {isa = PBXFileReference; explicitFileType = wrapper.application; includeInIndex = 0; path = HighlightedWebView.app; sourceTree = BUILT_PRODUCTS_DIR; };
		43F7F3811554F75D00879D86 /* Cocoa.framework */ = {isa = PBXFileReference; lastKnownFileType = wrapper.framework; name = Cocoa.framework; path = System/Library/Frameworks/Cocoa.framework; sourceTree = SDKROOT; };
		43F7F3841554F75D00879D86 /* AppKit.framework */ = {isa = PBXFileReference; lastKnownFileType = wrapper.framework; name = AppKit.framework; path = System/Library/Frameworks/AppKit.framework; sourceTree = SDKROOT; };
		43F7F3851554F75D00879D86 /* CoreData.framework */ = {isa = PBXFileReference; lastKnownFileType = wrapper.framework; name = CoreData.framework; path = System/Library/Frameworks/CoreData.framework; sourceTree = SDKROOT; };
		43F7F3861554F75D00879D86 /* Foundation.framework */ = {isa = PBXFileReference; lastKnownFileType = wrapper.framework; name = Foundation.framework; path = System/Library/Frameworks/Foundation.framework; sourceTree = SDKROOT; };
		43F7F3891554F75D00879D86 /* HighlightedWebView-Info.plist */ = {isa = PBXFileReference; lastKnownFileType = text.plist.xml; path = "HighlightedWebView-Info.plist"; sourceTree = "<group>"; };
		43F7F38B1554F75D00879D86 /* en */ = {isa = PBXFileReference; lastKnownFileType = text.plist.strings; name = en; path = en.lproj/InfoPlist.strings; sourceTree = "<group>"; };
		43F7F38D1554F75D00879D86 /* main.m */ = {isa = PBXFileReference; lastKnownFileType = sourcecode.c.objc; path = main.m; sourceTree = "<group>"; };
		43F7F38F1554F75D00879D86 /* HighlightedWebView-Prefix.pch */ = {isa = PBXFileReference; lastKnownFileType = sourcecode.c.h; path = "HighlightedWebView-Prefix.pch"; sourceTree = "<group>"; };
		43F7F3911554F75D00879D86 /* en */ = {isa = PBXFileReference; lastKnownFileType = text.rtf; name = en; path = en.lproj/Credits.rtf; sourceTree = "<group>"; };
		43F7F3931554F75D00879D86 /* DHAppDelegate.h */ = {isa = PBXFileReference; lastKnownFileType = sourcecode.c.h; path = DHAppDelegate.h; sourceTree = "<group>"; };
		43F7F3941554F75D00879D86 /* DHAppDelegate.m */ = {isa = PBXFileReference; lastKnownFileType = sourcecode.c.objc; path = DHAppDelegate.m; sourceTree = "<group>"; };
		43F7F3971554F75D00879D86 /* en */ = {isa = PBXFileReference; lastKnownFileType = file.xib; name = en; path = en.lproj/MainMenu.xib; sourceTree = "<group>"; };
		43F7F39E1554F77000879D86 /* DHWebView.h */ = {isa = PBXFileReference; fileEncoding = 4; lastKnownFileType = sourcecode.c.h; path = DHWebView.h; sourceTree = "<group>"; };
		43F7F39F1554F77000879D86 /* DHWebView.m */ = {isa = PBXFileReference; fileEncoding = 4; lastKnownFileType = sourcecode.c.objc; path = DHWebView.m; sourceTree = "<group>"; };
		43F7F3A11554F77E00879D86 /* WebKit.framework */ = {isa = PBXFileReference; lastKnownFileType = wrapper.framework; name = WebKit.framework; path = System/Library/Frameworks/WebKit.framework; sourceTree = SDKROOT; };
		43F7F3AE155508BB00879D86 /* DHSearchQuery.h */ = {isa = PBXFileReference; fileEncoding = 4; lastKnownFileType = sourcecode.c.h; path = DHSearchQuery.h; sourceTree = "<group>"; };
		43F7F3AF155508BB00879D86 /* DHSearchQuery.m */ = {isa = PBXFileReference; fileEncoding = 4; lastKnownFileType = sourcecode.c.objc; path = DHSearchQuery.m; sourceTree = "<group>"; };
		43F7F3B8155566D700879D86 /* DHMatchedText.h */ = {isa = PBXFileReference; fileEncoding = 4; lastKnownFileType = sourcecode.c.h; path = DHMatchedText.h; sourceTree = "<group>"; };
		43F7F3B9155566D700879D86 /* DHMatchedText.m */ = {isa = PBXFileReference; fileEncoding = 4; lastKnownFileType = sourcecode.c.objc; path = DHMatchedText.m; sourceTree = "<group>"; };
/* End PBXFileReference section */

/* Begin PBXFrameworksBuildPhase section */
		43F7F37A1554F75D00879D86 /* Frameworks */ = {
			isa = PBXFrameworksBuildPhase;
			buildActionMask = 2147483647;
			files = (
				43F7F3A21554F77E00879D86 /* WebKit.framework in Frameworks */,
				43F7F3821554F75D00879D86 /* Cocoa.framework in Frameworks */,
			);
			runOnlyForDeploymentPostprocessing = 0;
		};
/* End PBXFrameworksBuildPhase section */

/* Begin PBXGroup section */
		43F7F3721554F75D00879D86 = {
			isa = PBXGroup;
			children = (
				43F7F3871554F75D00879D86 /* HighlightedWebView */,
				43F7F3801554F75D00879D86 /* Frameworks */,
				43F7F37E1554F75D00879D86 /* Products */,
			);
			sourceTree = "<group>";
		};
		43F7F37E1554F75D00879D86 /* Products */ = {
			isa = PBXGroup;
			children = (
				43F7F37D1554F75D00879D86 /* HighlightedWebView.app */,
			);
			name = Products;
			sourceTree = "<group>";
		};
		43F7F3801554F75D00879D86 /* Frameworks */ = {
			isa = PBXGroup;
			children = (
				43F7F3A11554F77E00879D86 /* WebKit.framework */,
				43F7F3811554F75D00879D86 /* Cocoa.framework */,
				43F7F3831554F75D00879D86 /* Other Frameworks */,
			);
			name = Frameworks;
			sourceTree = "<group>";
		};
		43F7F3831554F75D00879D86 /* Other Frameworks */ = {
			isa = PBXGroup;
			children = (
				43F7F3841554F75D00879D86 /* AppKit.framework */,
				43F7F3851554F75D00879D86 /* CoreData.framework */,
				43F7F3861554F75D00879D86 /* Foundation.framework */,
			);
			name = "Other Frameworks";
			sourceTree = "<group>";
		};
		43F7F3871554F75D00879D86 /* HighlightedWebView */ = {
			isa = PBXGroup;
			children = (
				43F7F3931554F75D00879D86 /* DHAppDelegate.h */,
				43F7F3941554F75D00879D86 /* DHAppDelegate.m */,
				43F7F39E1554F77000879D86 /* DHWebView.h */,
				43F7F39F1554F77000879D86 /* DHWebView.m */,
				43F7F3AE155508BB00879D86 /* DHSearchQuery.h */,
				43F7F3AF155508BB00879D86 /* DHSearchQuery.m */,
				43F7F3B8155566D700879D86 /* DHMatchedText.h */,
				43F7F3B9155566D700879D86 /* DHMatchedText.m */,
				431FBA54155694F70012103F /* NSString+GTM.h */,
				431FBA55155694F70012103F /* NSString+GTM.m */,
				43F7F3961554F75D00879D86 /* MainMenu.xib */,
				43F7F3881554F75D00879D86 /* Supporting Files */,
			);
			path = HighlightedWebView;
			sourceTree = "<group>";
		};
		43F7F3881554F75D00879D86 /* Supporting Files */ = {
			isa = PBXGroup;
			children = (
				43F7F3891554F75D00879D86 /* HighlightedWebView-Info.plist */,
				43F7F38A1554F75D00879D86 /* InfoPlist.strings */,
				43F7F38D1554F75D00879D86 /* main.m */,
				43F7F38F1554F75D00879D86 /* HighlightedWebView-Prefix.pch */,
				43F7F3901554F75D00879D86 /* Credits.rtf */,
			);
			name = "Supporting Files";
			sourceTree = "<group>";
		};
/* End PBXGroup section */

/* Begin PBXNativeTarget section */
		43F7F37C1554F75D00879D86 /* HighlightedWebView */ = {
			isa = PBXNativeTarget;
			buildConfigurationList = 43F7F39B1554F75D00879D86 /* Build configuration list for PBXNativeTarget "HighlightedWebView" */;
			buildPhases = (
				43F7F3791554F75D00879D86 /* Sources */,
				43F7F37A1554F75D00879D86 /* Frameworks */,
				43F7F37B1554F75D00879D86 /* Resources */,
			);
			buildRules = (
			);
			dependencies = (
			);
			name = HighlightedWebView;
			productName = HighlightedWebView;
			productReference = 43F7F37D1554F75D00879D86 /* HighlightedWebView.app */;
			productType = "com.apple.product-type.application";
		};
/* End PBXNativeTarget section */

/* Begin PBXProject section */
		43F7F3741554F75D00879D86 /* Project object */ = {
			isa = PBXProject;
			attributes = {
				CLASSPREFIX = DH;
				LastUpgradeCheck = 0430;
			};
			buildConfigurationList = 43F7F3771554F75D00879D86 /* Build configuration list for PBXProject "HighlightedWebView" */;
			compatibilityVersion = "Xcode 3.2";
			developmentRegion = English;
			hasScannedForEncodings = 0;
			knownRegions = (
				en,
			);
			mainGroup = 43F7F3721554F75D00879D86;
			productRefGroup = 43F7F37E1554F75D00879D86 /* Products */;
			projectDirPath = "";
			projectRoot = "";
			targets = (
				43F7F37C1554F75D00879D86 /* HighlightedWebView */,
			);
		};
/* End PBXProject section */

/* Begin PBXResourcesBuildPhase section */
		43F7F37B1554F75D00879D86 /* Resources */ = {
			isa = PBXResourcesBuildPhase;
			buildActionMask = 2147483647;
			files = (
				43F7F38C1554F75D00879D86 /* InfoPlist.strings in Resources */,
				43F7F3921554F75D00879D86 /* Credits.rtf in Resources */,
				43F7F3981554F75D00879D86 /* MainMenu.xib in Resources */,
			);
			runOnlyForDeploymentPostprocessing = 0;
		};
/* End PBXResourcesBuildPhase section */

/* Begin PBXSourcesBuildPhase section */
		43F7F3791554F75D00879D86 /* Sources */ = {
			isa = PBXSourcesBuildPhase;
			buildActionMask = 2147483647;
			files = (
				43F7F38E1554F75D00879D86 /* main.m in Sources */,
				43F7F3951554F75D00879D86 /* DHAppDelegate.m in Sources */,
				43F7F3A01554F77000879D86 /* DHWebView.m in Sources */,
				43F7F3B0155508BB00879D86 /* DHSearchQuery.m in Sources */,
				43F7F3BA155566D700879D86 /* DHMatchedText.m in Sources */,
				431FBA56155694F70012103F /* NSString+GTM.m in Sources */,
			);
			runOnlyForDeploymentPostprocessing = 0;
		};
/* End PBXSourcesBuildPhase section */

/* Begin PBXVariantGroup section */
		43F7F38A1554F75D00879D86 /* InfoPlist.strings */ = {
			isa = PBXVariantGroup;
			children = (
				43F7F38B1554F75D00879D86 /* en */,
			);
			name = InfoPlist.strings;
			sourceTree = "<group>";
		};
		43F7F3901554F75D00879D86 /* Credits.rtf */ = {
			isa = PBXVariantGroup;
			children = (
				43F7F3911554F75D00879D86 /* en */,
			);
			name = Credits.rtf;
			sourceTree = "<group>";
		};
		43F7F3961554F75D00879D86 /* MainMenu.xib */ = {
			isa = PBXVariantGroup;
			children = (
				43F7F3971554F75D00879D86 /* en */,
			);
			name = MainMenu.xib;
			sourceTree = "<group>";
		};
/* End PBXVariantGroup section */

/* Begin XCBuildConfiguration section */
		43F7F3991554F75D00879D86 /* Debug */ = {
			isa = XCBuildConfiguration;
			buildSettings = {
				ALWAYS_SEARCH_USER_PATHS = NO;
				ARCHS = "$(ARCHS_STANDARD_64_BIT)";
				COPY_PHASE_STRIP = NO;
				GCC_C_LANGUAGE_STANDARD = gnu99;
				GCC_DYNAMIC_NO_PIC = NO;
				GCC_ENABLE_OBJC_EXCEPTIONS = YES;
				GCC_OPTIMIZATION_LEVEL = 0;
				GCC_PREPROCESSOR_DEFINITIONS = (
					"DEBUG=1",
					"$(inherited)",
				);
				GCC_SYMBOLS_PRIVATE_EXTERN = NO;
				GCC_VERSION = com.apple.compilers.llvm.clang.1_0;
				GCC_WARN_64_TO_32_BIT_CONVERSION = YES;
				GCC_WARN_ABOUT_RETURN_TYPE = YES;
				GCC_WARN_UNINITIALIZED_AUTOS = YES;
				GCC_WARN_UNUSED_VARIABLE = YES;
				MACOSX_DEPLOYMENT_TARGET = 10.7;
				ONLY_ACTIVE_ARCH = YES;
				SDKROOT = macosx;
			};
			name = Debug;
		};
		43F7F39A1554F75D00879D86 /* Release */ = {
			isa = XCBuildConfiguration;
			buildSettings = {
				ALWAYS_SEARCH_USER_PATHS = NO;
				ARCHS = "$(ARCHS_STANDARD_64_BIT)";
				COPY_PHASE_STRIP = YES;
				DEBUG_INFORMATION_FORMAT = "dwarf-with-dsym";
				GCC_C_LANGUAGE_STANDARD = gnu99;
				GCC_ENABLE_OBJC_EXCEPTIONS = YES;
				GCC_VERSION = com.apple.compilers.llvm.clang.1_0;
				GCC_WARN_64_TO_32_BIT_CONVERSION = YES;
				GCC_WARN_ABOUT_RETURN_TYPE = YES;
				GCC_WARN_UNINITIALIZED_AUTOS = YES;
				GCC_WARN_UNUSED_VARIABLE = YES;
				MACOSX_DEPLOYMENT_TARGET = 10.7;
				SDKROOT = macosx;
			};
			name = Release;
		};
		43F7F39C1554F75D00879D86 /* Debug */ = {
			isa = XCBuildConfiguration;
			buildSettings = {
				GCC_PRECOMPILE_PREFIX_HEADER = YES;
				GCC_PREFIX_HEADER = "HighlightedWebView/HighlightedWebView-Prefix.pch";
				INFOPLIST_FILE = "HighlightedWebView/HighlightedWebView-Info.plist";
				PRODUCT_NAME = "$(TARGET_NAME)";
				WRAPPER_EXTENSION = app;
			};
			name = Debug;
		};
		43F7F39D1554F75D00879D86 /* Release */ = {
			isa = XCBuildConfiguration;
			buildSettings = {
				GCC_PRECOMPILE_PREFIX_HEADER = YES;
				GCC_PREFIX_HEADER = "HighlightedWebView/HighlightedWebView-Prefix.pch";
				INFOPLIST_FILE = "HighlightedWebView/HighlightedWebView-Info.plist";
				PRODUCT_NAME = "$(TARGET_NAME)";
				WRAPPER_EXTENSION = app;
			};
			name = Release;
		};
/* End XCBuildConfiguration section */

/* Begin XCConfigurationList section */
		43F7F3771554F75D00879D86 /* Build configuration list for PBXProject "HighlightedWebView" */ = {
			isa = XCConfigurationList;
			buildConfigurations = (
				43F7F3991554F75D00879D86 /* Debug */,
				43F7F39A1554F75D00879D86 /* Release */,
			);
			defaultConfigurationIsVisible = 0;
			defaultConfigurationName = Release;
		};
		43F7F39B1554F75D00879D86 /* Build configuration list for PBXNativeTarget "HighlightedWebView" */ = {
			isa = XCConfigurationList;
			buildConfigurations = (
				43F7F39C1554F75D00879D86 /* Debug */,
				43F7F39D1554F75D00879D86 /* Release */,
			);
			defaultConfigurationIsVisible = 0;
			defaultConfigurationName = Release;
		};
/* End XCConfigurationList section */
	};
	rootObject = 43F7F3741554F75D00879D86 /* Project object */;
}
